<?xml version="1.0" encoding="UTF-8" standalone="yes" ?>
<CodeBlocks_project_file>
	<FileVersion major="1" minor="6" />
	<Project>
		<Option title="yage" />
		<Option pch_mode="2" />
		<Option compiler="gcc" />
		<Build>
			<Target title="Debug">
				<Option output="build/bin/Debug/yage" prefix_auto="1" extension_auto="1" />
				<Option object_output="build/obj/Debug/" />
				<Option type="1" />
				<Option compiler="gcc" />
				<Compiler>
					<Add option="-g" />
				</Compiler>
			</Target>
			<Target title="Release">
				<Option output="build/bin/Release/yage" prefix_auto="1" extension_auto="1" />
				<Option object_output="build/obj/Release/" />
				<Option type="1" />
				<Option compiler="gcc" />
				<Compiler>
					<Add option="-O2" />
				</Compiler>
				<Linker>
					<Add option="-s" />
				</Linker>
			</Target>
		</Build>
		<Compiler>
			<Add option="-Wall" />
		</Compiler>
		<Unit filename="include/yage.h" />
		<Unit filename="include/yage/engine/game_engine.h" />
		<Unit filename="include/yage/engine/game_state.h" />
		<Unit filename="include/yage/engine/runnable.h" />
		<Unit filename="include/yage/engine/state_machine.h" />
		<Unit filename="include/yage/engine/states/splash_screen.h" />
		<Unit filename="include/yage/engine/updatable.interface.h" />
		<Unit filename="include/yage/events/event_listener.h" />
		<Unit filename="include/yage/events/event_manager.h" />
		<Unit filename="include/yage/events/keyboard_listener.h" />
		<Unit filename="include/yage/graphics/bounding_box.interface.h" />
		<Unit filename="include/yage/graphics/drawable.abstract.h" />
		<Unit filename="include/yage/graphics/graphics_manager.h" />
		<Unit filename="include/yage/graphics/texture_manager.h" />
		<Unit filename="include/yage/input/input_manager.h" />
		<Unit filename="include/yage/input/keyboard_listener.h" />
		<Unit filename="include/yage/input/keyboard_listener.interface.h" />
		<Unit filename="include/yage/tests/unit/graphics/graphics.fixture.h" />
		<Unit filename="src/engine/game_engine.cpp" />
		<Unit filename="src/engine/game_state.cpp" />
		<Unit filename="src/engine/state_machine.cpp" />
		<Unit filename="src/engine/states/splash_screen.cpp" />
		<Unit filename="src/events/event_manager.cpp" />
		<Unit filename="src/graphics/drawable.abstract.cpp" />
		<Unit filename="src/graphics/graphics_manager.cpp" />
		<Unit filename="src/graphics/texture_manager.cpp" />
		<Unit filename="src/input/input_manager.cpp" />
		<Unit filename="src/snippets/unused_code.cpp" />
		<Unit filename="tests/unit/graphics/graphics_manager.unit.cpp" />
		<Extensions>
			<code_completion />
			<debugger />
		</Extensions>
	</Project>
</CodeBlocks_project_file>
